
Microsoft Visual Studio Solution File, Format Version 12.00
# Visual Studio Version 17
VisualStudioVersion = 17.0.32014.148
MinimumVisualStudioVersion = 10.0.40219.1
Project("{FAE04EC0-301F-11D3-BF4B-00C04F79EFBC}") = "LV4Ivankovic", "LV4Ivankovic\LV4Ivankovic.csproj", "{92DECB46-7970-4C16-84E6-9736DF7784E3}"
EndProject
Global
	GlobalSection(SolutionConfigurationPlatforms) = preSolution
		Debug|Any CPU = Debug|Any CPU
		Release|Any CPU = Release|Any CPU
	EndGlobalSection
	GlobalSection(ProjectConfigurationPlatforms) = postSolution
		{92DECB46-7970-4C16-84E6-9736DF7784E3}.Debug|Any CPU.ActiveCfg = Debug|Any CPU
		{92DECB46-7970-4C16-84E6-9736DF7784E3}.Debug|Any CPU.Build.0 = Debug|Any CPU
		{92DECB46-7970-4C16-84E6-9736DF7784E3}.Release|Any CPU.ActiveCfg = Release|Any CPU
		{92DECB46-7970-4C16-84E6-9736DF7784E3}.Release|Any CPU.Build.0 = Release|Any CPU
	EndGlobalSection
	GlobalSection(SolutionProperties) = preSolution
		HideSolutionNode = FALSE
	EndGlobalSection
	GlobalSection(ExtensibilityGlobals) = postSolution
		SolutionGuid = {6DC6DFBD-0AAF-4A91-A767-7C2F19512726}
	EndGlobalSection
EndGlobal
